
Microsoft Visual Studio Solution File, Format Version 12.00
# Visual Studio Version 17
VisualStudioVersion = 17.9.34607.119
MinimumVisualStudioVersion = 10.0.40219.1
Project("{2150E333-8FDC-42A3-9474-1A3956D46DE8}") = "Course1", "Course1", "{D6EF2484-89DE-4CA9-BB89-95E24B1FA9CE}"
EndProject
Project("{FAE04EC0-301F-11D3-BF4B-00C04F79EFBC}") = "Course1-1", "..\Course1-1\Course1-1.csproj", "{6EE3BA91-902C-4054-BEA0-83A7B9BF8E78}"
EndProject
Project("{FAE04EC0-301F-11D3-BF4B-00C04F79EFBC}") = "Course1-2", "..\Course1-2\Course1-2.csproj", "{77C52510-9F43-4068-9781-F10934A446DE}"
EndProject
Project("{FAE04EC0-301F-11D3-BF4B-00C04F79EFBC}") = "Course1-3", "..\Course1-3\Course1-3.csproj", "{BC18ADB3-5581-4CAE-9C3A-AC952F169DB1}"
EndProject
Project("{FAE04EC0-301F-11D3-BF4B-00C04F79EFBC}") = "Course1-4", "..\Course1-4\Course1-4.csproj", "{0BDD1063-751E-41BC-BD23-C6316FFBFAF7}"
EndProject
Project("{FAE04EC0-301F-11D3-BF4B-00C04F79EFBC}") = "Course1-5", "..\Course1-5\Course1-5.csproj", "{31CB1DDE-880C-4E1F-B9E2-A7B6BC7034D0}"
EndProject
Project("{FAE04EC0-301F-11D3-BF4B-00C04F79EFBC}") = "Course1-6", "..\Course1-6\Course1-6.csproj", "{8402D2B3-C119-4C43-A026-FAAAE6448B66}"
EndProject
Project("{2150E333-8FDC-42A3-9474-1A3956D46DE8}") = "Course2", "Course2", "{25CFA735-1598-4044-A488-355704EC660A}"
EndProject
Project("{2150E333-8FDC-42A3-9474-1A3956D46DE8}") = "Course2-1", "Course2-1", "{D6583DAF-4290-4576-BA6B-26037FFAA995}"
EndProject
Project("{FAE04EC0-301F-11D3-BF4B-00C04F79EFBC}") = "EU3", "Course2\Course2-1\EU3\EU3.csproj", "{8A682825-37EB-47F2-B01F-A685C6DAF617}"
EndProject
Project("{FAE04EC0-301F-11D3-BF4B-00C04F79EFBC}") = "EU4", "Course2\Course2-1\EU4\EU4.csproj", "{3DD94A7E-7257-42EA-B370-3360B91A3668}"
EndProject
Project("{FAE04EC0-301F-11D3-BF4B-00C04F79EFBC}") = "EU5", "Course2\Course2-1\EU5\EU5.csproj", "{281D9F6D-7BB3-474A-BA47-2E9FB23CF5CF}"
EndProject
Project("{2150E333-8FDC-42A3-9474-1A3956D46DE8}") = "Course2-2", "Course2-2", "{75ECD02F-DECA-45F1-A838-48A4B5A7CD26}"
EndProject
Project("{FAE04EC0-301F-11D3-BF4B-00C04F79EFBC}") = "EU2", "Course2\Course2-2\EU2\EU2.csproj", "{4F1FD2CB-4DFE-49F2-9607-2112909D056A}"
EndProject
Project("{FAE04EC0-301F-11D3-BF4B-00C04F79EFBC}") = "EU3", "Course2\Course2-2\EU3\EU3.csproj", "{39E98141-5AC8-48A0-AB5A-28E8D004684A}"
EndProject
Global
	GlobalSection(SolutionConfigurationPlatforms) = preSolution
		Debug|Any CPU = Debug|Any CPU
		Release|Any CPU = Release|Any CPU
	EndGlobalSection
	GlobalSection(ProjectConfigurationPlatforms) = postSolution
		{6EE3BA91-902C-4054-BEA0-83A7B9BF8E78}.Debug|Any CPU.ActiveCfg = Debug|Any CPU
		{6EE3BA91-902C-4054-BEA0-83A7B9BF8E78}.Debug|Any CPU.Build.0 = Debug|Any CPU
		{6EE3BA91-902C-4054-BEA0-83A7B9BF8E78}.Release|Any CPU.ActiveCfg = Release|Any CPU
		{6EE3BA91-902C-4054-BEA0-83A7B9BF8E78}.Release|Any CPU.Build.0 = Release|Any CPU
		{77C52510-9F43-4068-9781-F10934A446DE}.Debug|Any CPU.ActiveCfg = Debug|Any CPU
		{77C52510-9F43-4068-9781-F10934A446DE}.Debug|Any CPU.Build.0 = Debug|Any CPU
		{77C52510-9F43-4068-9781-F10934A446DE}.Release|Any CPU.ActiveCfg = Release|Any CPU
		{77C52510-9F43-4068-9781-F10934A446DE}.Release|Any CPU.Build.0 = Release|Any CPU
		{BC18ADB3-5581-4CAE-9C3A-AC952F169DB1}.Debug|Any CPU.ActiveCfg = Debug|Any CPU
		{BC18ADB3-5581-4CAE-9C3A-AC952F169DB1}.Debug|Any CPU.Build.0 = Debug|Any CPU
		{BC18ADB3-5581-4CAE-9C3A-AC952F169DB1}.Release|Any CPU.ActiveCfg = Release|Any CPU
		{BC18ADB3-5581-4CAE-9C3A-AC952F169DB1}.Release|Any CPU.Build.0 = Release|Any CPU
		{0BDD1063-751E-41BC-BD23-C6316FFBFAF7}.Debug|Any CPU.ActiveCfg = Debug|Any CPU
		{0BDD1063-751E-41BC-BD23-C6316FFBFAF7}.Debug|Any CPU.Build.0 = Debug|Any CPU
		{0BDD1063-751E-41BC-BD23-C6316FFBFAF7}.Release|Any CPU.ActiveCfg = Release|Any CPU
		{0BDD1063-751E-41BC-BD23-C6316FFBFAF7}.Release|Any CPU.Build.0 = Release|Any CPU
		{31CB1DDE-880C-4E1F-B9E2-A7B6BC7034D0}.Debug|Any CPU.ActiveCfg = Debug|Any CPU
		{31CB1DDE-880C-4E1F-B9E2-A7B6BC7034D0}.Debug|Any CPU.Build.0 = Debug|Any CPU
		{31CB1DDE-880C-4E1F-B9E2-A7B6BC7034D0}.Release|Any CPU.ActiveCfg = Release|Any CPU
		{31CB1DDE-880C-4E1F-B9E2-A7B6BC7034D0}.Release|Any CPU.Build.0 = Release|Any CPU
		{8402D2B3-C119-4C43-A026-FAAAE6448B66}.Debug|Any CPU.ActiveCfg = Debug|Any CPU
		{8402D2B3-C119-4C43-A026-FAAAE6448B66}.Debug|Any CPU.Build.0 = Debug|Any CPU
		{8402D2B3-C119-4C43-A026-FAAAE6448B66}.Release|Any CPU.ActiveCfg = Release|Any CPU
		{8402D2B3-C119-4C43-A026-FAAAE6448B66}.Release|Any CPU.Build.0 = Release|Any CPU
		{8A682825-37EB-47F2-B01F-A685C6DAF617}.Debug|Any CPU.ActiveCfg = Debug|Any CPU
		{8A682825-37EB-47F2-B01F-A685C6DAF617}.Debug|Any CPU.Build.0 = Debug|Any CPU
		{8A682825-37EB-47F2-B01F-A685C6DAF617}.Release|Any CPU.ActiveCfg = Release|Any CPU
		{8A682825-37EB-47F2-B01F-A685C6DAF617}.Release|Any CPU.Build.0 = Release|Any CPU
		{3DD94A7E-7257-42EA-B370-3360B91A3668}.Debug|Any CPU.ActiveCfg = Debug|Any CPU
		{3DD94A7E-7257-42EA-B370-3360B91A3668}.Debug|Any CPU.Build.0 = Debug|Any CPU
		{3DD94A7E-7257-42EA-B370-3360B91A3668}.Release|Any CPU.ActiveCfg = Release|Any CPU
		{3DD94A7E-7257-42EA-B370-3360B91A3668}.Release|Any CPU.Build.0 = Release|Any CPU
		{281D9F6D-7BB3-474A-BA47-2E9FB23CF5CF}.Debug|Any CPU.ActiveCfg = Debug|Any CPU
		{281D9F6D-7BB3-474A-BA47-2E9FB23CF5CF}.Debug|Any CPU.Build.0 = Debug|Any CPU
		{281D9F6D-7BB3-474A-BA47-2E9FB23CF5CF}.Release|Any CPU.ActiveCfg = Release|Any CPU
		{281D9F6D-7BB3-474A-BA47-2E9FB23CF5CF}.Release|Any CPU.Build.0 = Release|Any CPU
		{4F1FD2CB-4DFE-49F2-9607-2112909D056A}.Debug|Any CPU.ActiveCfg = Debug|Any CPU
		{4F1FD2CB-4DFE-49F2-9607-2112909D056A}.Debug|Any CPU.Build.0 = Debug|Any CPU
		{4F1FD2CB-4DFE-49F2-9607-2112909D056A}.Release|Any CPU.ActiveCfg = Release|Any CPU
		{4F1FD2CB-4DFE-49F2-9607-2112909D056A}.Release|Any CPU.Build.0 = Release|Any CPU
		{39E98141-5AC8-48A0-AB5A-28E8D004684A}.Debug|Any CPU.ActiveCfg = Debug|Any CPU
		{39E98141-5AC8-48A0-AB5A-28E8D004684A}.Debug|Any CPU.Build.0 = Debug|Any CPU
		{39E98141-5AC8-48A0-AB5A-28E8D004684A}.Release|Any CPU.ActiveCfg = Release|Any CPU
		{39E98141-5AC8-48A0-AB5A-28E8D004684A}.Release|Any CPU.Build.0 = Release|Any CPU
	EndGlobalSection
	GlobalSection(SolutionProperties) = preSolution
		HideSolutionNode = FALSE
	EndGlobalSection
	GlobalSection(NestedProjects) = preSolution
		{6EE3BA91-902C-4054-BEA0-83A7B9BF8E78} = {D6EF2484-89DE-4CA9-BB89-95E24B1FA9CE}
		{77C52510-9F43-4068-9781-F10934A446DE} = {D6EF2484-89DE-4CA9-BB89-95E24B1FA9CE}
		{BC18ADB3-5581-4CAE-9C3A-AC952F169DB1} = {D6EF2484-89DE-4CA9-BB89-95E24B1FA9CE}
		{0BDD1063-751E-41BC-BD23-C6316FFBFAF7} = {D6EF2484-89DE-4CA9-BB89-95E24B1FA9CE}
		{31CB1DDE-880C-4E1F-B9E2-A7B6BC7034D0} = {D6EF2484-89DE-4CA9-BB89-95E24B1FA9CE}
		{8402D2B3-C119-4C43-A026-FAAAE6448B66} = {D6EF2484-89DE-4CA9-BB89-95E24B1FA9CE}
		{D6583DAF-4290-4576-BA6B-26037FFAA995} = {25CFA735-1598-4044-A488-355704EC660A}
		{8A682825-37EB-47F2-B01F-A685C6DAF617} = {D6583DAF-4290-4576-BA6B-26037FFAA995}
		{3DD94A7E-7257-42EA-B370-3360B91A3668} = {D6583DAF-4290-4576-BA6B-26037FFAA995}
		{281D9F6D-7BB3-474A-BA47-2E9FB23CF5CF} = {D6583DAF-4290-4576-BA6B-26037FFAA995}
		{75ECD02F-DECA-45F1-A838-48A4B5A7CD26} = {25CFA735-1598-4044-A488-355704EC660A}
		{4F1FD2CB-4DFE-49F2-9607-2112909D056A} = {75ECD02F-DECA-45F1-A838-48A4B5A7CD26}
		{39E98141-5AC8-48A0-AB5A-28E8D004684A} = {75ECD02F-DECA-45F1-A838-48A4B5A7CD26}
	EndGlobalSection
	GlobalSection(ExtensibilityGlobals) = postSolution
		SolutionGuid = {F2AF19CC-F845-4FE5-BCF6-9DE3775A517E}
	EndGlobalSection
EndGlobal
