
Microsoft Visual Studio Solution File, Format Version 12.00
# Visual Studio Version 17
VisualStudioVersion = 17.9.34607.119
MinimumVisualStudioVersion = 10.0.40219.1
Project("{2150E333-8FDC-42A3-9474-1A3956D46DE8}") = "Course2", "Course2", "{C2C4D4D7-180B-43EE-AA37-08D1454BB489}"
EndProject
Project("{FAE04EC0-301F-11D3-BF4B-00C04F79EFBC}") = "Course2-2", "Course2\Course2-2\Course2-2.csproj", "{4B223BE2-76CC-47EF-9547-F46DCD1E7FEB}"
EndProject
Project("{2150E333-8FDC-42A3-9474-1A3956D46DE8}") = "Course1", "Course1", "{E40CFECF-625F-4F60-9476-612EDD45E356}"
EndProject
Project("{FAE04EC0-301F-11D3-BF4B-00C04F79EFBC}") = "Course1-1", "Course1\Course1-1\Course1-1.csproj", "{1B745423-8610-4ECE-8548-F9FAD8516D51}"
EndProject
Project("{FAE04EC0-301F-11D3-BF4B-00C04F79EFBC}") = "Course1-2", "Course1\Course1-2\Course1-2.csproj", "{C0AA3A42-FDAB-4479-ADB0-AC48D5D2D8EC}"
EndProject
Project("{FAE04EC0-301F-11D3-BF4B-00C04F79EFBC}") = "Course1-3", "Course1\Course1-3\Course1-3.csproj", "{2AA93DC1-1F89-44CF-BACC-916DE0CFC3ED}"
EndProject
Project("{FAE04EC0-301F-11D3-BF4B-00C04F79EFBC}") = "Course1-4", "Course1\Course1-4\Course1-4.csproj", "{733A8C8E-E617-46BE-B043-554220617468}"
EndProject
Project("{FAE04EC0-301F-11D3-BF4B-00C04F79EFBC}") = "Course1-5", "Course1\Course1-5\Course1-5.csproj", "{45FE38D7-CACA-4580-93A2-DC8D03E6F926}"
EndProject
Project("{FAE04EC0-301F-11D3-BF4B-00C04F79EFBC}") = "Course1-6", "Course1\Course1-6\Course1-6.csproj", "{BF0E2234-C9F4-4A70-B23A-77C0BF9F8BDE}"
EndProject
Global
	GlobalSection(SolutionConfigurationPlatforms) = preSolution
		Debug|Any CPU = Debug|Any CPU
		Release|Any CPU = Release|Any CPU
	EndGlobalSection
	GlobalSection(ProjectConfigurationPlatforms) = postSolution
		{4B223BE2-76CC-47EF-9547-F46DCD1E7FEB}.Debug|Any CPU.ActiveCfg = Debug|Any CPU
		{4B223BE2-76CC-47EF-9547-F46DCD1E7FEB}.Debug|Any CPU.Build.0 = Debug|Any CPU
		{4B223BE2-76CC-47EF-9547-F46DCD1E7FEB}.Release|Any CPU.ActiveCfg = Release|Any CPU
		{4B223BE2-76CC-47EF-9547-F46DCD1E7FEB}.Release|Any CPU.Build.0 = Release|Any CPU
		{1B745423-8610-4ECE-8548-F9FAD8516D51}.Debug|Any CPU.ActiveCfg = Debug|Any CPU
		{1B745423-8610-4ECE-8548-F9FAD8516D51}.Debug|Any CPU.Build.0 = Debug|Any CPU
		{1B745423-8610-4ECE-8548-F9FAD8516D51}.Release|Any CPU.ActiveCfg = Release|Any CPU
		{1B745423-8610-4ECE-8548-F9FAD8516D51}.Release|Any CPU.Build.0 = Release|Any CPU
		{C0AA3A42-FDAB-4479-ADB0-AC48D5D2D8EC}.Debug|Any CPU.ActiveCfg = Debug|Any CPU
		{C0AA3A42-FDAB-4479-ADB0-AC48D5D2D8EC}.Debug|Any CPU.Build.0 = Debug|Any CPU
		{C0AA3A42-FDAB-4479-ADB0-AC48D5D2D8EC}.Release|Any CPU.ActiveCfg = Release|Any CPU
		{C0AA3A42-FDAB-4479-ADB0-AC48D5D2D8EC}.Release|Any CPU.Build.0 = Release|Any CPU
		{2AA93DC1-1F89-44CF-BACC-916DE0CFC3ED}.Debug|Any CPU.ActiveCfg = Debug|Any CPU
		{2AA93DC1-1F89-44CF-BACC-916DE0CFC3ED}.Debug|Any CPU.Build.0 = Debug|Any CPU
		{2AA93DC1-1F89-44CF-BACC-916DE0CFC3ED}.Release|Any CPU.ActiveCfg = Release|Any CPU
		{2AA93DC1-1F89-44CF-BACC-916DE0CFC3ED}.Release|Any CPU.Build.0 = Release|Any CPU
		{733A8C8E-E617-46BE-B043-554220617468}.Debug|Any CPU.ActiveCfg = Debug|Any CPU
		{733A8C8E-E617-46BE-B043-554220617468}.Debug|Any CPU.Build.0 = Debug|Any CPU
		{733A8C8E-E617-46BE-B043-554220617468}.Release|Any CPU.ActiveCfg = Release|Any CPU
		{733A8C8E-E617-46BE-B043-554220617468}.Release|Any CPU.Build.0 = Release|Any CPU
		{45FE38D7-CACA-4580-93A2-DC8D03E6F926}.Debug|Any CPU.ActiveCfg = Debug|Any CPU
		{45FE38D7-CACA-4580-93A2-DC8D03E6F926}.Debug|Any CPU.Build.0 = Debug|Any CPU
		{45FE38D7-CACA-4580-93A2-DC8D03E6F926}.Release|Any CPU.ActiveCfg = Release|Any CPU
		{45FE38D7-CACA-4580-93A2-DC8D03E6F926}.Release|Any CPU.Build.0 = Release|Any CPU
		{BF0E2234-C9F4-4A70-B23A-77C0BF9F8BDE}.Debug|Any CPU.ActiveCfg = Debug|Any CPU
		{BF0E2234-C9F4-4A70-B23A-77C0BF9F8BDE}.Debug|Any CPU.Build.0 = Debug|Any CPU
		{BF0E2234-C9F4-4A70-B23A-77C0BF9F8BDE}.Release|Any CPU.ActiveCfg = Release|Any CPU
		{BF0E2234-C9F4-4A70-B23A-77C0BF9F8BDE}.Release|Any CPU.Build.0 = Release|Any CPU
	EndGlobalSection
	GlobalSection(SolutionProperties) = preSolution
		HideSolutionNode = FALSE
	EndGlobalSection
	GlobalSection(NestedProjects) = preSolution
		{4B223BE2-76CC-47EF-9547-F46DCD1E7FEB} = {C2C4D4D7-180B-43EE-AA37-08D1454BB489}
		{1B745423-8610-4ECE-8548-F9FAD8516D51} = {E40CFECF-625F-4F60-9476-612EDD45E356}
		{C0AA3A42-FDAB-4479-ADB0-AC48D5D2D8EC} = {E40CFECF-625F-4F60-9476-612EDD45E356}
		{2AA93DC1-1F89-44CF-BACC-916DE0CFC3ED} = {E40CFECF-625F-4F60-9476-612EDD45E356}
		{733A8C8E-E617-46BE-B043-554220617468} = {E40CFECF-625F-4F60-9476-612EDD45E356}
		{45FE38D7-CACA-4580-93A2-DC8D03E6F926} = {E40CFECF-625F-4F60-9476-612EDD45E356}
		{BF0E2234-C9F4-4A70-B23A-77C0BF9F8BDE} = {E40CFECF-625F-4F60-9476-612EDD45E356}
	EndGlobalSection
	GlobalSection(ExtensibilityGlobals) = postSolution
		SolutionGuid = {F2AF19CC-F845-4FE5-BCF6-9DE3775A517E}
	EndGlobalSection
EndGlobal
